
Microsoft Visual Studio Solution File, Format Version 12.00
# Visual Studio 2013
VisualStudioVersion = 12.0.40629.0
MinimumVisualStudioVersion = 10.0.40219.1
Project("{2150E333-8FDC-42A3-9474-1A3956D46DE8}") = "Services", "Services", "{A5AFDF04-B63C-4FF2-9522-3BCF363D494E}"
EndProject
Project("{2150E333-8FDC-42A3-9474-1A3956D46DE8}") = "WebApps", "WebApps", "{01CC6300-D881-4AA4-9319-E3343B75A887}"
EndProject
Project("{2150E333-8FDC-42A3-9474-1A3956D46DE8}") = "Cadastros", "Cadastros", "{4981C904-E6FF-4446-8A58-F17F62B037F9}"
EndProject
Project("{2150E333-8FDC-42A3-9474-1A3956D46DE8}") = "Catalogo", "Catalogo", "{2980136C-B7AF-4581-9C9C-CB4A2C6743B5}"
EndProject
Project("{2150E333-8FDC-42A3-9474-1A3956D46DE8}") = "Core", "Core", "{EAA201F1-B8B1-476B-9952-1C9A051F657B}"
EndProject
Project("{2150E333-8FDC-42A3-9474-1A3956D46DE8}") = "Fiscal", "Fiscal", "{B41AD32D-A0B1-429D-B88E-0A62824E04F5}"
EndProject
Project("{2150E333-8FDC-42A3-9474-1A3956D46DE8}") = "Pagamentos", "Pagamentos", "{EA861514-4564-436C-98B3-AD5F20894B2C}"
EndProject
Project("{2150E333-8FDC-42A3-9474-1A3956D46DE8}") = "Vendas", "Vendas", "{FE59866F-A292-440F-9EB1-4773D11FF785}"
EndProject
Global
	GlobalSection(SolutionProperties) = preSolution
		HideSolutionNode = FALSE
	EndGlobalSection
	GlobalSection(NestedProjects) = preSolution
		{4981C904-E6FF-4446-8A58-F17F62B037F9} = {A5AFDF04-B63C-4FF2-9522-3BCF363D494E}
		{2980136C-B7AF-4581-9C9C-CB4A2C6743B5} = {A5AFDF04-B63C-4FF2-9522-3BCF363D494E}
		{EAA201F1-B8B1-476B-9952-1C9A051F657B} = {A5AFDF04-B63C-4FF2-9522-3BCF363D494E}
		{B41AD32D-A0B1-429D-B88E-0A62824E04F5} = {A5AFDF04-B63C-4FF2-9522-3BCF363D494E}
		{EA861514-4564-436C-98B3-AD5F20894B2C} = {A5AFDF04-B63C-4FF2-9522-3BCF363D494E}
		{FE59866F-A292-440F-9EB1-4773D11FF785} = {A5AFDF04-B63C-4FF2-9522-3BCF363D494E}
	EndGlobalSection
EndGlobal
