
Microsoft Visual Studio Solution File, Format Version 12.00
# Visual Studio Version 16
VisualStudioVersion = 16.0.30914.41
MinimumVisualStudioVersion = 10.0.40219.1
Project("{2150E333-8FDC-42A3-9474-1A3956D46DE8}") = "Services", "Services", "{A5AFDF04-B63C-4FF2-9522-3BCF363D494E}"
EndProject
Project("{2150E333-8FDC-42A3-9474-1A3956D46DE8}") = "WebApps", "WebApps", "{01CC6300-D881-4AA4-9319-E3343B75A887}"
EndProject
Project("{2150E333-8FDC-42A3-9474-1A3956D46DE8}") = "Cadastros", "Cadastros", "{4981C904-E6FF-4446-8A58-F17F62B037F9}"
EndProject
Project("{2150E333-8FDC-42A3-9474-1A3956D46DE8}") = "Catalogo", "Catalogo", "{2980136C-B7AF-4581-9C9C-CB4A2C6743B5}"
EndProject
Project("{2150E333-8FDC-42A3-9474-1A3956D46DE8}") = "Core", "Core", "{EAA201F1-B8B1-476B-9952-1C9A051F657B}"
EndProject
Project("{2150E333-8FDC-42A3-9474-1A3956D46DE8}") = "Fiscal", "Fiscal", "{B41AD32D-A0B1-429D-B88E-0A62824E04F5}"
EndProject
Project("{2150E333-8FDC-42A3-9474-1A3956D46DE8}") = "Pagamentos", "Pagamentos", "{EA861514-4564-436C-98B3-AD5F20894B2C}"
EndProject
Project("{2150E333-8FDC-42A3-9474-1A3956D46DE8}") = "Vendas", "Vendas", "{FE59866F-A292-440F-9EB1-4773D11FF785}"
EndProject
Project("{9A19103F-16F7-4668-BE54-9A1E7A4F7556}") = "NerdStore.Catalogo.Domain", "src\NerdStore.Catalogo.Domain\NerdStore.Catalogo.Domain.csproj", "{9EC7A785-C4AA-4ADE-96D5-AE2AB7E01B21}"
EndProject
Project("{9A19103F-16F7-4668-BE54-9A1E7A4F7556}") = "NerdStore.Core", "src\NerdStore.Core\NerdStore.Core.csproj", "{A5979664-3E8C-43D2-AD9F-7E26A3C7D036}"
EndProject
Project("{2150E333-8FDC-42A3-9474-1A3956D46DE8}") = "Tests", "Tests", "{D20B7323-BCDF-4850-8254-9D2908F1F1F5}"
EndProject
Project("{FAE04EC0-301F-11D3-BF4B-00C04F79EFBC}") = "NerdStore.Catalogo.Data", "src\NerdStore.Catalogo.Data\NerdStore.Catalogo.Data.csproj", "{A3515926-E179-4E31-AAF2-B2FF67AAEFE1}"
EndProject
Project("{9A19103F-16F7-4668-BE54-9A1E7A4F7556}") = "NerdStore.Catalogo.Domain.Tests", "tests\NerdStore.Catalogo.Domain.Tests\NerdStore.Catalogo.Domain.Tests.csproj", "{AD31E9AB-CDFB-4F6E-B828-EFB17CC2627C}"
EndProject
Global
	GlobalSection(SolutionConfigurationPlatforms) = preSolution
		Debug|Any CPU = Debug|Any CPU
		Release|Any CPU = Release|Any CPU
	EndGlobalSection
	GlobalSection(ProjectConfigurationPlatforms) = postSolution
		{9EC7A785-C4AA-4ADE-96D5-AE2AB7E01B21}.Debug|Any CPU.ActiveCfg = Debug|Any CPU
		{9EC7A785-C4AA-4ADE-96D5-AE2AB7E01B21}.Debug|Any CPU.Build.0 = Debug|Any CPU
		{9EC7A785-C4AA-4ADE-96D5-AE2AB7E01B21}.Release|Any CPU.ActiveCfg = Release|Any CPU
		{9EC7A785-C4AA-4ADE-96D5-AE2AB7E01B21}.Release|Any CPU.Build.0 = Release|Any CPU
		{A5979664-3E8C-43D2-AD9F-7E26A3C7D036}.Debug|Any CPU.ActiveCfg = Debug|Any CPU
		{A5979664-3E8C-43D2-AD9F-7E26A3C7D036}.Debug|Any CPU.Build.0 = Debug|Any CPU
		{A5979664-3E8C-43D2-AD9F-7E26A3C7D036}.Release|Any CPU.ActiveCfg = Release|Any CPU
		{A5979664-3E8C-43D2-AD9F-7E26A3C7D036}.Release|Any CPU.Build.0 = Release|Any CPU
		{A3515926-E179-4E31-AAF2-B2FF67AAEFE1}.Debug|Any CPU.ActiveCfg = Debug|Any CPU
		{A3515926-E179-4E31-AAF2-B2FF67AAEFE1}.Debug|Any CPU.Build.0 = Debug|Any CPU
		{A3515926-E179-4E31-AAF2-B2FF67AAEFE1}.Release|Any CPU.ActiveCfg = Release|Any CPU
		{A3515926-E179-4E31-AAF2-B2FF67AAEFE1}.Release|Any CPU.Build.0 = Release|Any CPU
		{AD31E9AB-CDFB-4F6E-B828-EFB17CC2627C}.Debug|Any CPU.ActiveCfg = Debug|Any CPU
		{AD31E9AB-CDFB-4F6E-B828-EFB17CC2627C}.Debug|Any CPU.Build.0 = Debug|Any CPU
		{AD31E9AB-CDFB-4F6E-B828-EFB17CC2627C}.Release|Any CPU.ActiveCfg = Release|Any CPU
		{AD31E9AB-CDFB-4F6E-B828-EFB17CC2627C}.Release|Any CPU.Build.0 = Release|Any CPU
	EndGlobalSection
	GlobalSection(SolutionProperties) = preSolution
		HideSolutionNode = FALSE
	EndGlobalSection
	GlobalSection(NestedProjects) = preSolution
		{4981C904-E6FF-4446-8A58-F17F62B037F9} = {A5AFDF04-B63C-4FF2-9522-3BCF363D494E}
		{2980136C-B7AF-4581-9C9C-CB4A2C6743B5} = {A5AFDF04-B63C-4FF2-9522-3BCF363D494E}
		{EAA201F1-B8B1-476B-9952-1C9A051F657B} = {A5AFDF04-B63C-4FF2-9522-3BCF363D494E}
		{B41AD32D-A0B1-429D-B88E-0A62824E04F5} = {A5AFDF04-B63C-4FF2-9522-3BCF363D494E}
		{EA861514-4564-436C-98B3-AD5F20894B2C} = {A5AFDF04-B63C-4FF2-9522-3BCF363D494E}
		{FE59866F-A292-440F-9EB1-4773D11FF785} = {A5AFDF04-B63C-4FF2-9522-3BCF363D494E}
		{9EC7A785-C4AA-4ADE-96D5-AE2AB7E01B21} = {2980136C-B7AF-4581-9C9C-CB4A2C6743B5}
		{A5979664-3E8C-43D2-AD9F-7E26A3C7D036} = {EAA201F1-B8B1-476B-9952-1C9A051F657B}
		{D20B7323-BCDF-4850-8254-9D2908F1F1F5} = {2980136C-B7AF-4581-9C9C-CB4A2C6743B5}
		{A3515926-E179-4E31-AAF2-B2FF67AAEFE1} = {2980136C-B7AF-4581-9C9C-CB4A2C6743B5}
		{AD31E9AB-CDFB-4F6E-B828-EFB17CC2627C} = {D20B7323-BCDF-4850-8254-9D2908F1F1F5}
	EndGlobalSection
	GlobalSection(ExtensibilityGlobals) = postSolution
		SolutionGuid = {59CB13C4-35E0-402A-A5F4-6E1DA5CAAB79}
	EndGlobalSection
EndGlobal
